
Microsoft Visual Studio Solution File, Format Version 12.00
# Visual Studio 15
VisualStudioVersion = 15.0.28307.421
MinimumVisualStudioVersion = 10.0.40219.1
Project("{FAE04EC0-301F-11D3-BF4B-00C04F79EFBC}") = "InternetExplorerExtension", "InternetExplorerExtension\InternetExplorerExtension.csproj", "{C16B489A-A0EA-4E44-BE3F-18D9E495FD6F}"
EndProject
Global
	GlobalSection(SolutionConfigurationPlatforms) = preSolution
		Debug|Any CPU = Debug|Any CPU
		Release|Any CPU = Release|Any CPU
	EndGlobalSection
	GlobalSection(ProjectConfigurationPlatforms) = postSolution
		{C16B489A-A0EA-4E44-BE3F-18D9E495FD6F}.Debug|Any CPU.ActiveCfg = Debug|Any CPU
		{C16B489A-A0EA-4E44-BE3F-18D9E495FD6F}.Debug|Any CPU.Build.0 = Debug|Any CPU
		{C16B489A-A0EA-4E44-BE3F-18D9E495FD6F}.Release|Any CPU.ActiveCfg = Release|Any CPU
		{C16B489A-A0EA-4E44-BE3F-18D9E495FD6F}.Release|Any CPU.Build.0 = Release|Any CPU
	EndGlobalSection
	GlobalSection(SolutionProperties) = preSolution
		HideSolutionNode = FALSE
	EndGlobalSection
	GlobalSection(ExtensibilityGlobals) = postSolution
		SolutionGuid = {E3722799-FD64-405A-97EB-B0DA8E027E01}
	EndGlobalSection
EndGlobal
